
Microsoft Visual Studio Solution File, Format Version 12.00
# Visual Studio 15
VisualStudioVersion = 15.0.27428.2015
MinimumVisualStudioVersion = 10.0.40219.1
Project("{FAE04EC0-301F-11D3-BF4B-00C04F79EFBC}") = "Quiz1Flights", "Quiz1Flights.csproj", "{BDAF4A26-61F5-41C0-A265-33EC8DDB777A}"
EndProject
Global
	GlobalSection(SolutionConfigurationPlatforms) = preSolution
		Debug|Any CPU = Debug|Any CPU
		Release|Any CPU = Release|Any CPU
	EndGlobalSection
	GlobalSection(ProjectConfigurationPlatforms) = postSolution
		{BDAF4A26-61F5-41C0-A265-33EC8DDB777A}.Debug|Any CPU.ActiveCfg = Debug|Any CPU
		{BDAF4A26-61F5-41C0-A265-33EC8DDB777A}.Debug|Any CPU.Build.0 = Debug|Any CPU
		{BDAF4A26-61F5-41C0-A265-33EC8DDB777A}.Release|Any CPU.ActiveCfg = Release|Any CPU
		{BDAF4A26-61F5-41C0-A265-33EC8DDB777A}.Release|Any CPU.Build.0 = Release|Any CPU
	EndGlobalSection
	GlobalSection(SolutionProperties) = preSolution
		HideSolutionNode = FALSE
	EndGlobalSection
	GlobalSection(ExtensibilityGlobals) = postSolution
		SolutionGuid = {6E666487-7437-42D7-88C5-AD3DF69096D0}
	EndGlobalSection
EndGlobal
